
Microsoft Visual Studio Solution File, Format Version 11.00
# Visual Studio 2010
Project("{FAE04EC0-301F-11D3-BF4B-00C04F79EFBC}") = "SpecifiqueSimulationServer", "SpecifiqueSimulationServer\SpecifiqueSimulationServer.csproj", "{4BC1CB1C-77D2-4521-85E0-9D6359404303}"
EndProject
Project("{FAE04EC0-301F-11D3-BF4B-00C04F79EFBC}") = "DAL", "DAL\DAL.csproj", "{D1678FD4-4A85-43C1-9A20-711F9595856F}"
EndProject
Project("{FAE04EC0-301F-11D3-BF4B-00C04F79EFBC}") = "BLL", "BLL\BLL.csproj", "{8B633699-3E0A-4F11-B39C-CABC82C1FC3E}"
EndProject
Project("{FAE04EC0-301F-11D3-BF4B-00C04F79EFBC}") = "Model", "Model\Model.csproj", "{6E553FB6-69A2-4C71-89F6-27B0C9E058E9}"
EndProject
Global
	GlobalSection(TeamFoundationVersionControl) = preSolution
		SccNumberOfProjects = 5
		SccEnterpriseProvider = {4CA58AB2-18FA-4F8D-95D4-32DDF27D184C}
		SccTeamFoundationServer = https://hovedprosjektspecifique.visualstudio.com/defaultcollection
		SccLocalPath0 = .
		SccProjectUniqueName1 = SpecifiqueSimulationServer\\SpecifiqueSimulationServer.csproj
		SccProjectName1 = SpecifiqueSimulationServer
		SccLocalPath1 = SpecifiqueSimulationServer
		SccProjectUniqueName2 = DAL\\DAL.csproj
		SccProjectName2 = DAL
		SccLocalPath2 = DAL
		SccProjectUniqueName3 = BLL\\BLL.csproj
		SccProjectName3 = BLL
		SccLocalPath3 = BLL
		SccProjectUniqueName4 = Model\\Model.csproj
		SccProjectName4 = Model
		SccLocalPath4 = Model
	EndGlobalSection
	GlobalSection(SolutionConfigurationPlatforms) = preSolution
		Debug|Any CPU = Debug|Any CPU
		Debug|Mixed Platforms = Debug|Mixed Platforms
		Debug|x86 = Debug|x86
		Release|Any CPU = Release|Any CPU
		Release|Mixed Platforms = Release|Mixed Platforms
		Release|x86 = Release|x86
	EndGlobalSection
	GlobalSection(ProjectConfigurationPlatforms) = postSolution
		{4BC1CB1C-77D2-4521-85E0-9D6359404303}.Debug|Any CPU.ActiveCfg = Debug|x86
		{4BC1CB1C-77D2-4521-85E0-9D6359404303}.Debug|Mixed Platforms.ActiveCfg = Debug|x86
		{4BC1CB1C-77D2-4521-85E0-9D6359404303}.Debug|Mixed Platforms.Build.0 = Debug|x86
		{4BC1CB1C-77D2-4521-85E0-9D6359404303}.Debug|x86.ActiveCfg = Debug|x86
		{4BC1CB1C-77D2-4521-85E0-9D6359404303}.Debug|x86.Build.0 = Debug|x86
		{4BC1CB1C-77D2-4521-85E0-9D6359404303}.Release|Any CPU.ActiveCfg = Release|x86
		{4BC1CB1C-77D2-4521-85E0-9D6359404303}.Release|Mixed Platforms.ActiveCfg = Release|x86
		{4BC1CB1C-77D2-4521-85E0-9D6359404303}.Release|Mixed Platforms.Build.0 = Release|x86
		{4BC1CB1C-77D2-4521-85E0-9D6359404303}.Release|x86.ActiveCfg = Release|x86
		{4BC1CB1C-77D2-4521-85E0-9D6359404303}.Release|x86.Build.0 = Release|x86
		{D1678FD4-4A85-43C1-9A20-711F9595856F}.Debug|Any CPU.ActiveCfg = Debug|Any CPU
		{D1678FD4-4A85-43C1-9A20-711F9595856F}.Debug|Any CPU.Build.0 = Debug|Any CPU
		{D1678FD4-4A85-43C1-9A20-711F9595856F}.Debug|Mixed Platforms.ActiveCfg = Debug|Any CPU
		{D1678FD4-4A85-43C1-9A20-711F9595856F}.Debug|Mixed Platforms.Build.0 = Debug|Any CPU
		{D1678FD4-4A85-43C1-9A20-711F9595856F}.Debug|x86.ActiveCfg = Debug|Any CPU
		{D1678FD4-4A85-43C1-9A20-711F9595856F}.Release|Any CPU.ActiveCfg = Release|Any CPU
		{D1678FD4-4A85-43C1-9A20-711F9595856F}.Release|Any CPU.Build.0 = Release|Any CPU
		{D1678FD4-4A85-43C1-9A20-711F9595856F}.Release|Mixed Platforms.ActiveCfg = Release|Any CPU
		{D1678FD4-4A85-43C1-9A20-711F9595856F}.Release|Mixed Platforms.Build.0 = Release|Any CPU
		{D1678FD4-4A85-43C1-9A20-711F9595856F}.Release|x86.ActiveCfg = Release|Any CPU
		{8B633699-3E0A-4F11-B39C-CABC82C1FC3E}.Debug|Any CPU.ActiveCfg = Debug|Any CPU
		{8B633699-3E0A-4F11-B39C-CABC82C1FC3E}.Debug|Any CPU.Build.0 = Debug|Any CPU
		{8B633699-3E0A-4F11-B39C-CABC82C1FC3E}.Debug|Mixed Platforms.ActiveCfg = Debug|Any CPU
		{8B633699-3E0A-4F11-B39C-CABC82C1FC3E}.Debug|Mixed Platforms.Build.0 = Debug|Any CPU
		{8B633699-3E0A-4F11-B39C-CABC82C1FC3E}.Debug|x86.ActiveCfg = Debug|Any CPU
		{8B633699-3E0A-4F11-B39C-CABC82C1FC3E}.Release|Any CPU.ActiveCfg = Release|Any CPU
		{8B633699-3E0A-4F11-B39C-CABC82C1FC3E}.Release|Any CPU.Build.0 = Release|Any CPU
		{8B633699-3E0A-4F11-B39C-CABC82C1FC3E}.Release|Mixed Platforms.ActiveCfg = Release|Any CPU
		{8B633699-3E0A-4F11-B39C-CABC82C1FC3E}.Release|Mixed Platforms.Build.0 = Release|Any CPU
		{8B633699-3E0A-4F11-B39C-CABC82C1FC3E}.Release|x86.ActiveCfg = Release|Any CPU
		{6E553FB6-69A2-4C71-89F6-27B0C9E058E9}.Debug|Any CPU.ActiveCfg = Debug|Any CPU
		{6E553FB6-69A2-4C71-89F6-27B0C9E058E9}.Debug|Any CPU.Build.0 = Debug|Any CPU
		{6E553FB6-69A2-4C71-89F6-27B0C9E058E9}.Debug|Mixed Platforms.ActiveCfg = Debug|Any CPU
		{6E553FB6-69A2-4C71-89F6-27B0C9E058E9}.Debug|Mixed Platforms.Build.0 = Debug|Any CPU
		{6E553FB6-69A2-4C71-89F6-27B0C9E058E9}.Debug|x86.ActiveCfg = Debug|Any CPU
		{6E553FB6-69A2-4C71-89F6-27B0C9E058E9}.Release|Any CPU.ActiveCfg = Release|Any CPU
		{6E553FB6-69A2-4C71-89F6-27B0C9E058E9}.Release|Any CPU.Build.0 = Release|Any CPU
		{6E553FB6-69A2-4C71-89F6-27B0C9E058E9}.Release|Mixed Platforms.ActiveCfg = Release|Any CPU
		{6E553FB6-69A2-4C71-89F6-27B0C9E058E9}.Release|Mixed Platforms.Build.0 = Release|Any CPU
		{6E553FB6-69A2-4C71-89F6-27B0C9E058E9}.Release|x86.ActiveCfg = Release|Any CPU
	EndGlobalSection
	GlobalSection(SolutionProperties) = preSolution
		HideSolutionNode = FALSE
	EndGlobalSection
EndGlobal
